{
  "name": "js-playground",
  "version": "1.0.0",
  "lockfileVersion": 1,
  "requires": true,
  "dependencies": {
    "data.task": {
      "version": "3.1.1",
      "resolved": "https://registry.npmjs.org/data.task/-/data.task-3.1.1.tgz",
      "integrity": "sha1-6YX1vtrdkmstY8Gl0gds/5F6Uq0=",
      "dev": true
    }
  }
}
